{
  "name": "brewandchewapp",
  "requires": true,
  "lockfileVersion": 1,
  "dependencies": {
    "pwa-rails": {
      "version": "4.0.4",
      "resolved": "https://registry.npmjs.org/pwa-rails/-/pwa-rails-4.0.4.tgz",
      "integrity": "sha512-7Llu9yO2XD9S1/FOD/z2iSxAym7FzkKh+iuFBZCJAVtMHRhv/W8rjd2sQlIk+3X0hbfbf+DRjQRvaLPEhQMjVg=="
    }
  }
}
